github.com/bxcodec/faker/v3 v3.8.1 h1:qO/Xq19V6uHt2xujwpaetgKhraGCapqY2CRWGD/SqcM=
github.com/bxcodec/faker/v3 v3.8.1/go.mod h1:DdSDccxF5msjFo5aO4vrobRQ8nIApg8kq3QWPEQD6+o=
github.com/go-kit/kit v0.13.0 h1:OoneCcHKHQ03LfBpoQCUfCluwd2Vt3ohz+kvbJneZAU=
github.com/go-kit/kit v0.13.0/go.mod h1:phqEHMMUbyrCFCTgH48JueqrM3md2HcAZ8N3XE4FKDg=
github.com/go-kit/log v0.2.0 h1:7i2K3eKTos3Vc0enKCfnVcgHh2olr/MyfboYq7cAcFw=
github.com/go-kit/log v0.2.0/go.mod h1:NwTd00d/i8cPZ3xOwwiv2PO5MOcx78fFErGNcVmBjv0=
github.com/go-logfmt/logfmt v0.5.1 h1:otpy5pqBCBZ1ng9RQ0dPu4PN7ba75Y/aA+UpowDyNVA=
github.com/go-logfmt/logfmt v0.5.1/go.mod h1:WYhtIu8zTZfxdn5+rREduYbwxfcBr/Vr6KEVveWlfTs=
gitlab.com/bloom42/libs/rz-go v1.3.1 h1:kddAvbgg5cAIkXWOmnX3c1iMDhOD9kZuGgxluSa6i1U=
gitlab.com/bloom42/libs/rz-go v1.3.1/go.mod h1:/G8JCs/z9FPn+XYJT9e52gj76clf4dk8tf2jbq1HCpQ=
